
Microsoft Visual Studio Solution File, Format Version 12.00
# Visual Studio Version 16
VisualStudioVersion = 16.0.31624.102
MinimumVisualStudioVersion = 10.0.40219.1
Project("{9A19103F-16F7-4668-BE54-9A1E7A4F7556}") = "TestRazorPages", "TestRazorPages\TestRazorPages.csproj", "{1B9A4A2A-A4D5-4E22-82DB-3C3D6187824A}"
EndProject
Project("{9A19103F-16F7-4668-BE54-9A1E7A4F7556}") = "TestRazorPages.Models", "TestRazorPages.Models\TestRazorPages.Models.csproj", "{054976DB-C1DB-4E61-911F-25D831FF26A9}"
EndProject
Project("{9A19103F-16F7-4668-BE54-9A1E7A4F7556}") = "TestRazorPages.Repository", "TestRazorPages.Repository\TestRazorPages.Repository.csproj", "{D2ECF42A-1842-4D60-AC62-5619A004DED4}"
EndProject
Global
	GlobalSection(SolutionConfigurationPlatforms) = preSolution
		Debug|Any CPU = Debug|Any CPU
		Release|Any CPU = Release|Any CPU
	EndGlobalSection
	GlobalSection(ProjectConfigurationPlatforms) = postSolution
		{1B9A4A2A-A4D5-4E22-82DB-3C3D6187824A}.Debug|Any CPU.ActiveCfg = Debug|Any CPU
		{1B9A4A2A-A4D5-4E22-82DB-3C3D6187824A}.Debug|Any CPU.Build.0 = Debug|Any CPU
		{1B9A4A2A-A4D5-4E22-82DB-3C3D6187824A}.Release|Any CPU.ActiveCfg = Release|Any CPU
		{1B9A4A2A-A4D5-4E22-82DB-3C3D6187824A}.Release|Any CPU.Build.0 = Release|Any CPU
		{054976DB-C1DB-4E61-911F-25D831FF26A9}.Debug|Any CPU.ActiveCfg = Debug|Any CPU
		{054976DB-C1DB-4E61-911F-25D831FF26A9}.Debug|Any CPU.Build.0 = Debug|Any CPU
		{054976DB-C1DB-4E61-911F-25D831FF26A9}.Release|Any CPU.ActiveCfg = Release|Any CPU
		{054976DB-C1DB-4E61-911F-25D831FF26A9}.Release|Any CPU.Build.0 = Release|Any CPU
		{D2ECF42A-1842-4D60-AC62-5619A004DED4}.Debug|Any CPU.ActiveCfg = Debug|Any CPU
		{D2ECF42A-1842-4D60-AC62-5619A004DED4}.Debug|Any CPU.Build.0 = Debug|Any CPU
		{D2ECF42A-1842-4D60-AC62-5619A004DED4}.Release|Any CPU.ActiveCfg = Release|Any CPU
		{D2ECF42A-1842-4D60-AC62-5619A004DED4}.Release|Any CPU.Build.0 = Release|Any CPU
	EndGlobalSection
	GlobalSection(SolutionProperties) = preSolution
		HideSolutionNode = FALSE
	EndGlobalSection
	GlobalSection(ExtensibilityGlobals) = postSolution
		SolutionGuid = {C50BDEE4-87BF-4738-9E37-FA895803652B}
	EndGlobalSection
EndGlobal
